
Microsoft Visual Studio Solution File, Format Version 12.00
# Visual Studio Version 17
VisualStudioVersion = 17.3.32825.248
MinimumVisualStudioVersion = 10.0.40219.1
Project("{FAE04EC0-301F-11D3-BF4B-00C04F79EFBC}") = "ExemploWeb", "ExemploWeb\ExemploWeb.csproj", "{F459F7B8-7886-4122-9940-ACB43E533298}"
EndProject
Global
	GlobalSection(SolutionConfigurationPlatforms) = preSolution
		Debug|Any CPU = Debug|Any CPU
		Release|Any CPU = Release|Any CPU
	EndGlobalSection
	GlobalSection(ProjectConfigurationPlatforms) = postSolution
		{F459F7B8-7886-4122-9940-ACB43E533298}.Debug|Any CPU.ActiveCfg = Debug|Any CPU
		{F459F7B8-7886-4122-9940-ACB43E533298}.Debug|Any CPU.Build.0 = Debug|Any CPU
		{F459F7B8-7886-4122-9940-ACB43E533298}.Release|Any CPU.ActiveCfg = Release|Any CPU
		{F459F7B8-7886-4122-9940-ACB43E533298}.Release|Any CPU.Build.0 = Release|Any CPU
	EndGlobalSection
	GlobalSection(SolutionProperties) = preSolution
		HideSolutionNode = FALSE
	EndGlobalSection
	GlobalSection(ExtensibilityGlobals) = postSolution
		SolutionGuid = {B266A384-8091-4884-A7CF-DB30C5634719}
	EndGlobalSection
EndGlobal
